
Microsoft Visual Studio Solution File, Format Version 12.00
# Visual Studio 14
VisualStudioVersion = 14.0.24720.0
MinimumVisualStudioVersion = 10.0.40219.1
Project("{FAE04EC0-301F-11D3-BF4B-00C04F79EFBC}") = "HelloVS", "HelloVS\HelloVS.csproj", "{B007A107-B9BB-4B36-BA1C-8D316509EB85}"
EndProject
Project("{FAE04EC0-301F-11D3-BF4B-00C04F79EFBC}") = "HelloUnitTest", "HelloUnitTest\HelloUnitTest.csproj", "{675C9FD1-F2CF-4225-9493-CFCF0F8F88CB}"
EndProject
Project("{FAE04EC0-301F-11D3-BF4B-00C04F79EFBC}") = "iOSHelloVS", "iOSHelloVS\iOSHelloVS.csproj", "{2CC2CD24-835F-4147-8565-97436AE3651F}"
EndProject
Project("{FAE04EC0-301F-11D3-BF4B-00C04F79EFBC}") = "AndroidHelloVs", "AndroidHelloVs\AndroidHelloVs.csproj", "{47F307DB-FB60-4AF4-A49F-C5740C569783}"
EndProject
Project("{FAE04EC0-301F-11D3-BF4B-00C04F79EFBC}") = "WindowsHelloVs", "WindowsHelloVs\WindowsHelloVs.csproj", "{39FA26BB-BC2F-4517-B0B1-0CBAC96171E6}"
EndProject
Global
	GlobalSection(SolutionConfigurationPlatforms) = preSolution
		Ad-Hoc|Any CPU = Ad-Hoc|Any CPU
		Ad-Hoc|ARM = Ad-Hoc|ARM
		Ad-Hoc|iPhone = Ad-Hoc|iPhone
		Ad-Hoc|iPhoneSimulator = Ad-Hoc|iPhoneSimulator
		Ad-Hoc|x86 = Ad-Hoc|x86
		AppStore|Any CPU = AppStore|Any CPU
		AppStore|ARM = AppStore|ARM
		AppStore|iPhone = AppStore|iPhone
		AppStore|iPhoneSimulator = AppStore|iPhoneSimulator
		AppStore|x86 = AppStore|x86
		Debug|Any CPU = Debug|Any CPU
		Debug|ARM = Debug|ARM
		Debug|iPhone = Debug|iPhone
		Debug|iPhoneSimulator = Debug|iPhoneSimulator
		Debug|x86 = Debug|x86
		Release|Any CPU = Release|Any CPU
		Release|ARM = Release|ARM
		Release|iPhone = Release|iPhone
		Release|iPhoneSimulator = Release|iPhoneSimulator
		Release|x86 = Release|x86
	EndGlobalSection
	GlobalSection(ProjectConfigurationPlatforms) = postSolution
		{B007A107-B9BB-4B36-BA1C-8D316509EB85}.Ad-Hoc|Any CPU.ActiveCfg = Release|Any CPU
		{B007A107-B9BB-4B36-BA1C-8D316509EB85}.Ad-Hoc|Any CPU.Build.0 = Release|Any CPU
		{B007A107-B9BB-4B36-BA1C-8D316509EB85}.Ad-Hoc|ARM.ActiveCfg = Release|Any CPU
		{B007A107-B9BB-4B36-BA1C-8D316509EB85}.Ad-Hoc|ARM.Build.0 = Release|Any CPU
		{B007A107-B9BB-4B36-BA1C-8D316509EB85}.Ad-Hoc|iPhone.ActiveCfg = Release|Any CPU
		{B007A107-B9BB-4B36-BA1C-8D316509EB85}.Ad-Hoc|iPhone.Build.0 = Release|Any CPU
		{B007A107-B9BB-4B36-BA1C-8D316509EB85}.Ad-Hoc|iPhoneSimulator.ActiveCfg = Release|Any CPU
		{B007A107-B9BB-4B36-BA1C-8D316509EB85}.Ad-Hoc|iPhoneSimulator.Build.0 = Release|Any CPU
		{B007A107-B9BB-4B36-BA1C-8D316509EB85}.Ad-Hoc|x86.ActiveCfg = Release|Any CPU
		{B007A107-B9BB-4B36-BA1C-8D316509EB85}.Ad-Hoc|x86.Build.0 = Release|Any CPU
		{B007A107-B9BB-4B36-BA1C-8D316509EB85}.AppStore|Any CPU.ActiveCfg = Release|Any CPU
		{B007A107-B9BB-4B36-BA1C-8D316509EB85}.AppStore|Any CPU.Build.0 = Release|Any CPU
		{B007A107-B9BB-4B36-BA1C-8D316509EB85}.AppStore|ARM.ActiveCfg = Release|Any CPU
		{B007A107-B9BB-4B36-BA1C-8D316509EB85}.AppStore|ARM.Build.0 = Release|Any CPU
		{B007A107-B9BB-4B36-BA1C-8D316509EB85}.AppStore|iPhone.ActiveCfg = Release|Any CPU
		{B007A107-B9BB-4B36-BA1C-8D316509EB85}.AppStore|iPhone.Build.0 = Release|Any CPU
		{B007A107-B9BB-4B36-BA1C-8D316509EB85}.AppStore|iPhoneSimulator.ActiveCfg = Release|Any CPU
		{B007A107-B9BB-4B36-BA1C-8D316509EB85}.AppStore|iPhoneSimulator.Build.0 = Release|Any CPU
		{B007A107-B9BB-4B36-BA1C-8D316509EB85}.AppStore|x86.ActiveCfg = Release|Any CPU
		{B007A107-B9BB-4B36-BA1C-8D316509EB85}.AppStore|x86.Build.0 = Release|Any CPU
		{B007A107-B9BB-4B36-BA1C-8D316509EB85}.Debug|Any CPU.ActiveCfg = Debug|Any CPU
		{B007A107-B9BB-4B36-BA1C-8D316509EB85}.Debug|Any CPU.Build.0 = Debug|Any CPU
		{B007A107-B9BB-4B36-BA1C-8D316509EB85}.Debug|ARM.ActiveCfg = Debug|Any CPU
		{B007A107-B9BB-4B36-BA1C-8D316509EB85}.Debug|ARM.Build.0 = Debug|Any CPU
		{B007A107-B9BB-4B36-BA1C-8D316509EB85}.Debug|iPhone.ActiveCfg = Debug|Any CPU
		{B007A107-B9BB-4B36-BA1C-8D316509EB85}.Debug|iPhone.Build.0 = Debug|Any CPU
		{B007A107-B9BB-4B36-BA1C-8D316509EB85}.Debug|iPhoneSimulator.ActiveCfg = Debug|Any CPU
		{B007A107-B9BB-4B36-BA1C-8D316509EB85}.Debug|iPhoneSimulator.Build.0 = Debug|Any CPU
		{B007A107-B9BB-4B36-BA1C-8D316509EB85}.Debug|x86.ActiveCfg = Debug|Any CPU
		{B007A107-B9BB-4B36-BA1C-8D316509EB85}.Debug|x86.Build.0 = Debug|Any CPU
		{B007A107-B9BB-4B36-BA1C-8D316509EB85}.Release|Any CPU.ActiveCfg = Release|Any CPU
		{B007A107-B9BB-4B36-BA1C-8D316509EB85}.Release|Any CPU.Build.0 = Release|Any CPU
		{B007A107-B9BB-4B36-BA1C-8D316509EB85}.Release|ARM.ActiveCfg = Release|Any CPU
		{B007A107-B9BB-4B36-BA1C-8D316509EB85}.Release|ARM.Build.0 = Release|Any CPU
		{B007A107-B9BB-4B36-BA1C-8D316509EB85}.Release|iPhone.ActiveCfg = Release|Any CPU
		{B007A107-B9BB-4B36-BA1C-8D316509EB85}.Release|iPhone.Build.0 = Release|Any CPU
		{B007A107-B9BB-4B36-BA1C-8D316509EB85}.Release|iPhoneSimulator.ActiveCfg = Release|Any CPU
		{B007A107-B9BB-4B36-BA1C-8D316509EB85}.Release|iPhoneSimulator.Build.0 = Release|Any CPU
		{B007A107-B9BB-4B36-BA1C-8D316509EB85}.Release|x86.ActiveCfg = Release|Any CPU
		{B007A107-B9BB-4B36-BA1C-8D316509EB85}.Release|x86.Build.0 = Release|Any CPU
		{675C9FD1-F2CF-4225-9493-CFCF0F8F88CB}.Ad-Hoc|Any CPU.ActiveCfg = Release|Any CPU
		{675C9FD1-F2CF-4225-9493-CFCF0F8F88CB}.Ad-Hoc|Any CPU.Build.0 = Release|Any CPU
		{675C9FD1-F2CF-4225-9493-CFCF0F8F88CB}.Ad-Hoc|ARM.ActiveCfg = Release|Any CPU
		{675C9FD1-F2CF-4225-9493-CFCF0F8F88CB}.Ad-Hoc|ARM.Build.0 = Release|Any CPU
		{675C9FD1-F2CF-4225-9493-CFCF0F8F88CB}.Ad-Hoc|iPhone.ActiveCfg = Release|Any CPU
		{675C9FD1-F2CF-4225-9493-CFCF0F8F88CB}.Ad-Hoc|iPhone.Build.0 = Release|Any CPU
		{675C9FD1-F2CF-4225-9493-CFCF0F8F88CB}.Ad-Hoc|iPhoneSimulator.ActiveCfg = Release|Any CPU
		{675C9FD1-F2CF-4225-9493-CFCF0F8F88CB}.Ad-Hoc|iPhoneSimulator.Build.0 = Release|Any CPU
		{675C9FD1-F2CF-4225-9493-CFCF0F8F88CB}.Ad-Hoc|x86.ActiveCfg = Release|Any CPU
		{675C9FD1-F2CF-4225-9493-CFCF0F8F88CB}.Ad-Hoc|x86.Build.0 = Release|Any CPU
		{675C9FD1-F2CF-4225-9493-CFCF0F8F88CB}.AppStore|Any CPU.ActiveCfg = Release|Any CPU
		{675C9FD1-F2CF-4225-9493-CFCF0F8F88CB}.AppStore|Any CPU.Build.0 = Release|Any CPU
		{675C9FD1-F2CF-4225-9493-CFCF0F8F88CB}.AppStore|ARM.ActiveCfg = Release|Any CPU
		{675C9FD1-F2CF-4225-9493-CFCF0F8F88CB}.AppStore|ARM.Build.0 = Release|Any CPU
		{675C9FD1-F2CF-4225-9493-CFCF0F8F88CB}.AppStore|iPhone.ActiveCfg = Release|Any CPU
		{675C9FD1-F2CF-4225-9493-CFCF0F8F88CB}.AppStore|iPhone.Build.0 = Release|Any CPU
		{675C9FD1-F2CF-4225-9493-CFCF0F8F88CB}.AppStore|iPhoneSimulator.ActiveCfg = Release|Any CPU
		{675C9FD1-F2CF-4225-9493-CFCF0F8F88CB}.AppStore|iPhoneSimulator.Build.0 = Release|Any CPU
		{675C9FD1-F2CF-4225-9493-CFCF0F8F88CB}.AppStore|x86.ActiveCfg = Release|Any CPU
		{675C9FD1-F2CF-4225-9493-CFCF0F8F88CB}.AppStore|x86.Build.0 = Release|Any CPU
		{675C9FD1-F2CF-4225-9493-CFCF0F8F88CB}.Debug|Any CPU.ActiveCfg = Debug|Any CPU
		{675C9FD1-F2CF-4225-9493-CFCF0F8F88CB}.Debug|Any CPU.Build.0 = Debug|Any CPU
		{675C9FD1-F2CF-4225-9493-CFCF0F8F88CB}.Debug|ARM.ActiveCfg = Debug|Any CPU
		{675C9FD1-F2CF-4225-9493-CFCF0F8F88CB}.Debug|ARM.Build.0 = Debug|Any CPU
		{675C9FD1-F2CF-4225-9493-CFCF0F8F88CB}.Debug|iPhone.ActiveCfg = Debug|Any CPU
		{675C9FD1-F2CF-4225-9493-CFCF0F8F88CB}.Debug|iPhone.Build.0 = Debug|Any CPU
		{675C9FD1-F2CF-4225-9493-CFCF0F8F88CB}.Debug|iPhoneSimulator.ActiveCfg = Debug|Any CPU
		{675C9FD1-F2CF-4225-9493-CFCF0F8F88CB}.Debug|iPhoneSimulator.Build.0 = Debug|Any CPU
		{675C9FD1-F2CF-4225-9493-CFCF0F8F88CB}.Debug|x86.ActiveCfg = Debug|Any CPU
		{675C9FD1-F2CF-4225-9493-CFCF0F8F88CB}.Debug|x86.Build.0 = Debug|Any CPU
		{675C9FD1-F2CF-4225-9493-CFCF0F8F88CB}.Release|Any CPU.ActiveCfg = Release|Any CPU
		{675C9FD1-F2CF-4225-9493-CFCF0F8F88CB}.Release|Any CPU.Build.0 = Release|Any CPU
		{675C9FD1-F2CF-4225-9493-CFCF0F8F88CB}.Release|ARM.ActiveCfg = Release|Any CPU
		{675C9FD1-F2CF-4225-9493-CFCF0F8F88CB}.Release|ARM.Build.0 = Release|Any CPU
		{675C9FD1-F2CF-4225-9493-CFCF0F8F88CB}.Release|iPhone.ActiveCfg = Release|Any CPU
		{675C9FD1-F2CF-4225-9493-CFCF0F8F88CB}.Release|iPhone.Build.0 = Release|Any CPU
		{675C9FD1-F2CF-4225-9493-CFCF0F8F88CB}.Release|iPhoneSimulator.ActiveCfg = Release|Any CPU
		{675C9FD1-F2CF-4225-9493-CFCF0F8F88CB}.Release|iPhoneSimulator.Build.0 = Release|Any CPU
		{675C9FD1-F2CF-4225-9493-CFCF0F8F88CB}.Release|x86.ActiveCfg = Release|Any CPU
		{675C9FD1-F2CF-4225-9493-CFCF0F8F88CB}.Release|x86.Build.0 = Release|Any CPU
		{2CC2CD24-835F-4147-8565-97436AE3651F}.Ad-Hoc|Any CPU.ActiveCfg = Ad-Hoc|iPhone
		{2CC2CD24-835F-4147-8565-97436AE3651F}.Ad-Hoc|ARM.ActiveCfg = Ad-Hoc|iPhone
		{2CC2CD24-835F-4147-8565-97436AE3651F}.Ad-Hoc|iPhone.ActiveCfg = Ad-Hoc|iPhone
		{2CC2CD24-835F-4147-8565-97436AE3651F}.Ad-Hoc|iPhone.Build.0 = Ad-Hoc|iPhone
		{2CC2CD24-835F-4147-8565-97436AE3651F}.Ad-Hoc|iPhoneSimulator.ActiveCfg = Ad-Hoc|iPhoneSimulator
		{2CC2CD24-835F-4147-8565-97436AE3651F}.Ad-Hoc|iPhoneSimulator.Build.0 = Ad-Hoc|iPhoneSimulator
		{2CC2CD24-835F-4147-8565-97436AE3651F}.Ad-Hoc|x86.ActiveCfg = Ad-Hoc|iPhone
		{2CC2CD24-835F-4147-8565-97436AE3651F}.AppStore|Any CPU.ActiveCfg = AppStore|iPhone
		{2CC2CD24-835F-4147-8565-97436AE3651F}.AppStore|ARM.ActiveCfg = AppStore|iPhone
		{2CC2CD24-835F-4147-8565-97436AE3651F}.AppStore|iPhone.ActiveCfg = AppStore|iPhone
		{2CC2CD24-835F-4147-8565-97436AE3651F}.AppStore|iPhone.Build.0 = AppStore|iPhone
		{2CC2CD24-835F-4147-8565-97436AE3651F}.AppStore|iPhoneSimulator.ActiveCfg = AppStore|iPhoneSimulator
		{2CC2CD24-835F-4147-8565-97436AE3651F}.AppStore|iPhoneSimulator.Build.0 = AppStore|iPhoneSimulator
		{2CC2CD24-835F-4147-8565-97436AE3651F}.AppStore|x86.ActiveCfg = AppStore|iPhone
		{2CC2CD24-835F-4147-8565-97436AE3651F}.Debug|Any CPU.ActiveCfg = Debug|iPhone
		{2CC2CD24-835F-4147-8565-97436AE3651F}.Debug|ARM.ActiveCfg = Debug|iPhone
		{2CC2CD24-835F-4147-8565-97436AE3651F}.Debug|iPhone.ActiveCfg = Debug|iPhone
		{2CC2CD24-835F-4147-8565-97436AE3651F}.Debug|iPhone.Build.0 = Debug|iPhone
		{2CC2CD24-835F-4147-8565-97436AE3651F}.Debug|iPhoneSimulator.ActiveCfg = Debug|iPhoneSimulator
		{2CC2CD24-835F-4147-8565-97436AE3651F}.Debug|iPhoneSimulator.Build.0 = Debug|iPhoneSimulator
		{2CC2CD24-835F-4147-8565-97436AE3651F}.Debug|x86.ActiveCfg = Debug|iPhone
		{2CC2CD24-835F-4147-8565-97436AE3651F}.Release|Any CPU.ActiveCfg = Release|iPhone
		{2CC2CD24-835F-4147-8565-97436AE3651F}.Release|ARM.ActiveCfg = Release|iPhone
		{2CC2CD24-835F-4147-8565-97436AE3651F}.Release|iPhone.ActiveCfg = Release|iPhone
		{2CC2CD24-835F-4147-8565-97436AE3651F}.Release|iPhone.Build.0 = Release|iPhone
		{2CC2CD24-835F-4147-8565-97436AE3651F}.Release|iPhoneSimulator.ActiveCfg = Release|iPhoneSimulator
		{2CC2CD24-835F-4147-8565-97436AE3651F}.Release|iPhoneSimulator.Build.0 = Release|iPhoneSimulator
		{2CC2CD24-835F-4147-8565-97436AE3651F}.Release|x86.ActiveCfg = Release|iPhone
		{47F307DB-FB60-4AF4-A49F-C5740C569783}.Ad-Hoc|Any CPU.ActiveCfg = Release|Any CPU
		{47F307DB-FB60-4AF4-A49F-C5740C569783}.Ad-Hoc|Any CPU.Build.0 = Release|Any CPU
		{47F307DB-FB60-4AF4-A49F-C5740C569783}.Ad-Hoc|Any CPU.Deploy.0 = Release|Any CPU
		{47F307DB-FB60-4AF4-A49F-C5740C569783}.Ad-Hoc|ARM.ActiveCfg = Release|Any CPU
		{47F307DB-FB60-4AF4-A49F-C5740C569783}.Ad-Hoc|ARM.Build.0 = Release|Any CPU
		{47F307DB-FB60-4AF4-A49F-C5740C569783}.Ad-Hoc|ARM.Deploy.0 = Release|Any CPU
		{47F307DB-FB60-4AF4-A49F-C5740C569783}.Ad-Hoc|iPhone.ActiveCfg = Release|Any CPU
		{47F307DB-FB60-4AF4-A49F-C5740C569783}.Ad-Hoc|iPhone.Build.0 = Release|Any CPU
		{47F307DB-FB60-4AF4-A49F-C5740C569783}.Ad-Hoc|iPhone.Deploy.0 = Release|Any CPU
		{47F307DB-FB60-4AF4-A49F-C5740C569783}.Ad-Hoc|iPhoneSimulator.ActiveCfg = Release|Any CPU
		{47F307DB-FB60-4AF4-A49F-C5740C569783}.Ad-Hoc|iPhoneSimulator.Build.0 = Release|Any CPU
		{47F307DB-FB60-4AF4-A49F-C5740C569783}.Ad-Hoc|iPhoneSimulator.Deploy.0 = Release|Any CPU
		{47F307DB-FB60-4AF4-A49F-C5740C569783}.Ad-Hoc|x86.ActiveCfg = Release|Any CPU
		{47F307DB-FB60-4AF4-A49F-C5740C569783}.Ad-Hoc|x86.Build.0 = Release|Any CPU
		{47F307DB-FB60-4AF4-A49F-C5740C569783}.Ad-Hoc|x86.Deploy.0 = Release|Any CPU
		{47F307DB-FB60-4AF4-A49F-C5740C569783}.AppStore|Any CPU.ActiveCfg = Release|Any CPU
		{47F307DB-FB60-4AF4-A49F-C5740C569783}.AppStore|Any CPU.Build.0 = Release|Any CPU
		{47F307DB-FB60-4AF4-A49F-C5740C569783}.AppStore|Any CPU.Deploy.0 = Release|Any CPU
		{47F307DB-FB60-4AF4-A49F-C5740C569783}.AppStore|ARM.ActiveCfg = Release|Any CPU
		{47F307DB-FB60-4AF4-A49F-C5740C569783}.AppStore|ARM.Build.0 = Release|Any CPU
		{47F307DB-FB60-4AF4-A49F-C5740C569783}.AppStore|ARM.Deploy.0 = Release|Any CPU
		{47F307DB-FB60-4AF4-A49F-C5740C569783}.AppStore|iPhone.ActiveCfg = Release|Any CPU
		{47F307DB-FB60-4AF4-A49F-C5740C569783}.AppStore|iPhone.Build.0 = Release|Any CPU
		{47F307DB-FB60-4AF4-A49F-C5740C569783}.AppStore|iPhone.Deploy.0 = Release|Any CPU
		{47F307DB-FB60-4AF4-A49F-C5740C569783}.AppStore|iPhoneSimulator.ActiveCfg = Release|Any CPU
		{47F307DB-FB60-4AF4-A49F-C5740C569783}.AppStore|iPhoneSimulator.Build.0 = Release|Any CPU
		{47F307DB-FB60-4AF4-A49F-C5740C569783}.AppStore|iPhoneSimulator.Deploy.0 = Release|Any CPU
		{47F307DB-FB60-4AF4-A49F-C5740C569783}.AppStore|x86.ActiveCfg = Release|Any CPU
		{47F307DB-FB60-4AF4-A49F-C5740C569783}.AppStore|x86.Build.0 = Release|Any CPU
		{47F307DB-FB60-4AF4-A49F-C5740C569783}.AppStore|x86.Deploy.0 = Release|Any CPU
		{47F307DB-FB60-4AF4-A49F-C5740C569783}.Debug|Any CPU.ActiveCfg = Debug|Any CPU
		{47F307DB-FB60-4AF4-A49F-C5740C569783}.Debug|Any CPU.Build.0 = Debug|Any CPU
		{47F307DB-FB60-4AF4-A49F-C5740C569783}.Debug|Any CPU.Deploy.0 = Debug|Any CPU
		{47F307DB-FB60-4AF4-A49F-C5740C569783}.Debug|ARM.ActiveCfg = Debug|Any CPU
		{47F307DB-FB60-4AF4-A49F-C5740C569783}.Debug|ARM.Build.0 = Debug|Any CPU
		{47F307DB-FB60-4AF4-A49F-C5740C569783}.Debug|ARM.Deploy.0 = Debug|Any CPU
		{47F307DB-FB60-4AF4-A49F-C5740C569783}.Debug|iPhone.ActiveCfg = Debug|Any CPU
		{47F307DB-FB60-4AF4-A49F-C5740C569783}.Debug|iPhone.Build.0 = Debug|Any CPU
		{47F307DB-FB60-4AF4-A49F-C5740C569783}.Debug|iPhone.Deploy.0 = Debug|Any CPU
		{47F307DB-FB60-4AF4-A49F-C5740C569783}.Debug|iPhoneSimulator.ActiveCfg = Debug|Any CPU
		{47F307DB-FB60-4AF4-A49F-C5740C569783}.Debug|iPhoneSimulator.Build.0 = Debug|Any CPU
		{47F307DB-FB60-4AF4-A49F-C5740C569783}.Debug|iPhoneSimulator.Deploy.0 = Debug|Any CPU
		{47F307DB-FB60-4AF4-A49F-C5740C569783}.Debug|x86.ActiveCfg = Debug|Any CPU
		{47F307DB-FB60-4AF4-A49F-C5740C569783}.Debug|x86.Build.0 = Debug|Any CPU
		{47F307DB-FB60-4AF4-A49F-C5740C569783}.Debug|x86.Deploy.0 = Debug|Any CPU
		{47F307DB-FB60-4AF4-A49F-C5740C569783}.Release|Any CPU.ActiveCfg = Release|Any CPU
		{47F307DB-FB60-4AF4-A49F-C5740C569783}.Release|Any CPU.Build.0 = Release|Any CPU
		{47F307DB-FB60-4AF4-A49F-C5740C569783}.Release|Any CPU.Deploy.0 = Release|Any CPU
		{47F307DB-FB60-4AF4-A49F-C5740C569783}.Release|ARM.ActiveCfg = Release|Any CPU
		{47F307DB-FB60-4AF4-A49F-C5740C569783}.Release|ARM.Build.0 = Release|Any CPU
		{47F307DB-FB60-4AF4-A49F-C5740C569783}.Release|ARM.Deploy.0 = Release|Any CPU
		{47F307DB-FB60-4AF4-A49F-C5740C569783}.Release|iPhone.ActiveCfg = Release|Any CPU
		{47F307DB-FB60-4AF4-A49F-C5740C569783}.Release|iPhone.Build.0 = Release|Any CPU
		{47F307DB-FB60-4AF4-A49F-C5740C569783}.Release|iPhone.Deploy.0 = Release|Any CPU
		{47F307DB-FB60-4AF4-A49F-C5740C569783}.Release|iPhoneSimulator.ActiveCfg = Release|Any CPU
		{47F307DB-FB60-4AF4-A49F-C5740C569783}.Release|iPhoneSimulator.Build.0 = Release|Any CPU
		{47F307DB-FB60-4AF4-A49F-C5740C569783}.Release|iPhoneSimulator.Deploy.0 = Release|Any CPU
		{47F307DB-FB60-4AF4-A49F-C5740C569783}.Release|x86.ActiveCfg = Release|Any CPU
		{47F307DB-FB60-4AF4-A49F-C5740C569783}.Release|x86.Build.0 = Release|Any CPU
		{47F307DB-FB60-4AF4-A49F-C5740C569783}.Release|x86.Deploy.0 = Release|Any CPU
		{39FA26BB-BC2F-4517-B0B1-0CBAC96171E6}.Ad-Hoc|Any CPU.ActiveCfg = Release|Any CPU
		{39FA26BB-BC2F-4517-B0B1-0CBAC96171E6}.Ad-Hoc|Any CPU.Build.0 = Release|Any CPU
		{39FA26BB-BC2F-4517-B0B1-0CBAC96171E6}.Ad-Hoc|Any CPU.Deploy.0 = Release|Any CPU
		{39FA26BB-BC2F-4517-B0B1-0CBAC96171E6}.Ad-Hoc|ARM.ActiveCfg = Release|ARM
		{39FA26BB-BC2F-4517-B0B1-0CBAC96171E6}.Ad-Hoc|ARM.Build.0 = Release|ARM
		{39FA26BB-BC2F-4517-B0B1-0CBAC96171E6}.Ad-Hoc|ARM.Deploy.0 = Release|ARM
		{39FA26BB-BC2F-4517-B0B1-0CBAC96171E6}.Ad-Hoc|iPhone.ActiveCfg = Release|Any CPU
		{39FA26BB-BC2F-4517-B0B1-0CBAC96171E6}.Ad-Hoc|iPhone.Build.0 = Release|Any CPU
		{39FA26BB-BC2F-4517-B0B1-0CBAC96171E6}.Ad-Hoc|iPhone.Deploy.0 = Release|Any CPU
		{39FA26BB-BC2F-4517-B0B1-0CBAC96171E6}.Ad-Hoc|iPhoneSimulator.ActiveCfg = Release|Any CPU
		{39FA26BB-BC2F-4517-B0B1-0CBAC96171E6}.Ad-Hoc|iPhoneSimulator.Build.0 = Release|Any CPU
		{39FA26BB-BC2F-4517-B0B1-0CBAC96171E6}.Ad-Hoc|iPhoneSimulator.Deploy.0 = Release|Any CPU
		{39FA26BB-BC2F-4517-B0B1-0CBAC96171E6}.Ad-Hoc|x86.ActiveCfg = Release|x86
		{39FA26BB-BC2F-4517-B0B1-0CBAC96171E6}.Ad-Hoc|x86.Build.0 = Release|x86
		{39FA26BB-BC2F-4517-B0B1-0CBAC96171E6}.Ad-Hoc|x86.Deploy.0 = Release|x86
		{39FA26BB-BC2F-4517-B0B1-0CBAC96171E6}.AppStore|Any CPU.ActiveCfg = Release|Any CPU
		{39FA26BB-BC2F-4517-B0B1-0CBAC96171E6}.AppStore|Any CPU.Build.0 = Release|Any CPU
		{39FA26BB-BC2F-4517-B0B1-0CBAC96171E6}.AppStore|Any CPU.Deploy.0 = Release|Any CPU
		{39FA26BB-BC2F-4517-B0B1-0CBAC96171E6}.AppStore|ARM.ActiveCfg = Release|ARM
		{39FA26BB-BC2F-4517-B0B1-0CBAC96171E6}.AppStore|ARM.Build.0 = Release|ARM
		{39FA26BB-BC2F-4517-B0B1-0CBAC96171E6}.AppStore|ARM.Deploy.0 = Release|ARM
		{39FA26BB-BC2F-4517-B0B1-0CBAC96171E6}.AppStore|iPhone.ActiveCfg = Release|Any CPU
		{39FA26BB-BC2F-4517-B0B1-0CBAC96171E6}.AppStore|iPhone.Build.0 = Release|Any CPU
		{39FA26BB-BC2F-4517-B0B1-0CBAC96171E6}.AppStore|iPhone.Deploy.0 = Release|Any CPU
		{39FA26BB-BC2F-4517-B0B1-0CBAC96171E6}.AppStore|iPhoneSimulator.ActiveCfg = Release|Any CPU
		{39FA26BB-BC2F-4517-B0B1-0CBAC96171E6}.AppStore|iPhoneSimulator.Build.0 = Release|Any CPU
		{39FA26BB-BC2F-4517-B0B1-0CBAC96171E6}.AppStore|iPhoneSimulator.Deploy.0 = Release|Any CPU
		{39FA26BB-BC2F-4517-B0B1-0CBAC96171E6}.AppStore|x86.ActiveCfg = Release|x86
		{39FA26BB-BC2F-4517-B0B1-0CBAC96171E6}.AppStore|x86.Build.0 = Release|x86
		{39FA26BB-BC2F-4517-B0B1-0CBAC96171E6}.AppStore|x86.Deploy.0 = Release|x86
		{39FA26BB-BC2F-4517-B0B1-0CBAC96171E6}.Debug|Any CPU.ActiveCfg = Debug|Any CPU
		{39FA26BB-BC2F-4517-B0B1-0CBAC96171E6}.Debug|Any CPU.Build.0 = Debug|Any CPU
		{39FA26BB-BC2F-4517-B0B1-0CBAC96171E6}.Debug|Any CPU.Deploy.0 = Debug|Any CPU
		{39FA26BB-BC2F-4517-B0B1-0CBAC96171E6}.Debug|ARM.ActiveCfg = Debug|ARM
		{39FA26BB-BC2F-4517-B0B1-0CBAC96171E6}.Debug|ARM.Build.0 = Debug|ARM
		{39FA26BB-BC2F-4517-B0B1-0CBAC96171E6}.Debug|ARM.Deploy.0 = Debug|ARM
		{39FA26BB-BC2F-4517-B0B1-0CBAC96171E6}.Debug|iPhone.ActiveCfg = Debug|Any CPU
		{39FA26BB-BC2F-4517-B0B1-0CBAC96171E6}.Debug|iPhone.Build.0 = Debug|Any CPU
		{39FA26BB-BC2F-4517-B0B1-0CBAC96171E6}.Debug|iPhone.Deploy.0 = Debug|Any CPU
		{39FA26BB-BC2F-4517-B0B1-0CBAC96171E6}.Debug|iPhoneSimulator.ActiveCfg = Debug|Any CPU
		{39FA26BB-BC2F-4517-B0B1-0CBAC96171E6}.Debug|iPhoneSimulator.Build.0 = Debug|Any CPU
		{39FA26BB-BC2F-4517-B0B1-0CBAC96171E6}.Debug|iPhoneSimulator.Deploy.0 = Debug|Any CPU
		{39FA26BB-BC2F-4517-B0B1-0CBAC96171E6}.Debug|x86.ActiveCfg = Debug|x86
		{39FA26BB-BC2F-4517-B0B1-0CBAC96171E6}.Debug|x86.Build.0 = Debug|x86
		{39FA26BB-BC2F-4517-B0B1-0CBAC96171E6}.Debug|x86.Deploy.0 = Debug|x86
		{39FA26BB-BC2F-4517-B0B1-0CBAC96171E6}.Release|Any CPU.ActiveCfg = Release|Any CPU
		{39FA26BB-BC2F-4517-B0B1-0CBAC96171E6}.Release|Any CPU.Build.0 = Release|Any CPU
		{39FA26BB-BC2F-4517-B0B1-0CBAC96171E6}.Release|Any CPU.Deploy.0 = Release|Any CPU
		{39FA26BB-BC2F-4517-B0B1-0CBAC96171E6}.Release|ARM.ActiveCfg = Release|ARM
		{39FA26BB-BC2F-4517-B0B1-0CBAC96171E6}.Release|ARM.Build.0 = Release|ARM
		{39FA26BB-BC2F-4517-B0B1-0CBAC96171E6}.Release|ARM.Deploy.0 = Release|ARM
		{39FA26BB-BC2F-4517-B0B1-0CBAC96171E6}.Release|iPhone.ActiveCfg = Release|Any CPU
		{39FA26BB-BC2F-4517-B0B1-0CBAC96171E6}.Release|iPhone.Build.0 = Release|Any CPU
		{39FA26BB-BC2F-4517-B0B1-0CBAC96171E6}.Release|iPhone.Deploy.0 = Release|Any CPU
		{39FA26BB-BC2F-4517-B0B1-0CBAC96171E6}.Release|iPhoneSimulator.ActiveCfg = Release|Any CPU
		{39FA26BB-BC2F-4517-B0B1-0CBAC96171E6}.Release|iPhoneSimulator.Build.0 = Release|Any CPU
		{39FA26BB-BC2F-4517-B0B1-0CBAC96171E6}.Release|iPhoneSimulator.Deploy.0 = Release|Any CPU
		{39FA26BB-BC2F-4517-B0B1-0CBAC96171E6}.Release|x86.ActiveCfg = Release|x86
		{39FA26BB-BC2F-4517-B0B1-0CBAC96171E6}.Release|x86.Build.0 = Release|x86
		{39FA26BB-BC2F-4517-B0B1-0CBAC96171E6}.Release|x86.Deploy.0 = Release|x86
	EndGlobalSection
	GlobalSection(SolutionProperties) = preSolution
		HideSolutionNode = FALSE
	EndGlobalSection
EndGlobal
